
Microsoft Visual Studio Solution File, Format Version 12.00
# Visual Studio 2012
Project("{FAE04EC0-301F-11D3-BF4B-00C04F79EFBC}") = "afung.MangaWeb3.Server", "aspnetserver\afung.MangaWeb3.Server.csproj", "{90E30188-F434-4DEB-9E4F-051720BE6BB0}"
EndProject
Project("{FAE04EC0-301F-11D3-BF4B-00C04F79EFBC}") = "afung.MangaWeb3.Server.Install", "aspnetserverinstall\afung.MangaWeb3.Server.Install.csproj", "{0E9BAC79-12F0-4CBF-A01D-18CC7CBA2534}"
EndProject
Project("{FAE04EC0-301F-11D3-BF4B-00C04F79EFBC}") = "afung.MangaWeb3.Common", "csharpcommon\afung.MangaWeb3.Common.csproj", "{81F68F3B-5062-4C53-8F44-2268C03F41C4}"
EndProject
Project("{FAE04EC0-301F-11D3-BF4B-00C04F79EFBC}") = "afung.MangaWeb3.Common(script)", "csharpcommon\afung.MangaWeb3.Common(script).csproj", "{6C313034-A505-4EB8-B872-F82EDB156A0C}"
EndProject
Project("{FAE04EC0-301F-11D3-BF4B-00C04F79EFBC}") = "afung.MangaWeb3.Client", "scriptsharp\afung.MangaWeb3.Client.csproj", "{5C5344E5-0293-400E-8BD4-3F02F5B5120B}"
EndProject
Project("{FAE04EC0-301F-11D3-BF4B-00C04F79EFBC}") = "afung.MangaWeb3.Client.Admin", "scriptsharpadmin\afung.MangaWeb3.Client.Admin.csproj", "{21DD56F5-C4B8-4F6B-81EB-C4CBD5F40878}"
EndProject
Project("{FAE04EC0-301F-11D3-BF4B-00C04F79EFBC}") = "afung.MangaWeb3.Client.Install", "scriptsharpinstall\afung.MangaWeb3.Client.Install.csproj", "{1221FE10-977E-4275-A110-72023AD4A517}"
EndProject
Global
	GlobalSection(SolutionConfigurationPlatforms) = preSolution
		Debug|Any CPU = Debug|Any CPU
		Release|Any CPU = Release|Any CPU
	EndGlobalSection
	GlobalSection(ProjectConfigurationPlatforms) = postSolution
		{90E30188-F434-4DEB-9E4F-051720BE6BB0}.Debug|Any CPU.ActiveCfg = Debug|Any CPU
		{90E30188-F434-4DEB-9E4F-051720BE6BB0}.Debug|Any CPU.Build.0 = Debug|Any CPU
		{90E30188-F434-4DEB-9E4F-051720BE6BB0}.Release|Any CPU.ActiveCfg = Release|Any CPU
		{90E30188-F434-4DEB-9E4F-051720BE6BB0}.Release|Any CPU.Build.0 = Release|Any CPU
		{0E9BAC79-12F0-4CBF-A01D-18CC7CBA2534}.Debug|Any CPU.ActiveCfg = Debug|Any CPU
		{0E9BAC79-12F0-4CBF-A01D-18CC7CBA2534}.Debug|Any CPU.Build.0 = Debug|Any CPU
		{0E9BAC79-12F0-4CBF-A01D-18CC7CBA2534}.Release|Any CPU.ActiveCfg = Release|Any CPU
		{0E9BAC79-12F0-4CBF-A01D-18CC7CBA2534}.Release|Any CPU.Build.0 = Release|Any CPU
		{81F68F3B-5062-4C53-8F44-2268C03F41C4}.Debug|Any CPU.ActiveCfg = Debug|Any CPU
		{81F68F3B-5062-4C53-8F44-2268C03F41C4}.Debug|Any CPU.Build.0 = Debug|Any CPU
		{81F68F3B-5062-4C53-8F44-2268C03F41C4}.Release|Any CPU.ActiveCfg = Release|Any CPU
		{81F68F3B-5062-4C53-8F44-2268C03F41C4}.Release|Any CPU.Build.0 = Release|Any CPU
		{6C313034-A505-4EB8-B872-F82EDB156A0C}.Debug|Any CPU.ActiveCfg = Debug|Any CPU
		{6C313034-A505-4EB8-B872-F82EDB156A0C}.Debug|Any CPU.Build.0 = Debug|Any CPU
		{6C313034-A505-4EB8-B872-F82EDB156A0C}.Release|Any CPU.ActiveCfg = Release|Any CPU
		{6C313034-A505-4EB8-B872-F82EDB156A0C}.Release|Any CPU.Build.0 = Release|Any CPU
		{5C5344E5-0293-400E-8BD4-3F02F5B5120B}.Debug|Any CPU.ActiveCfg = Debug|Any CPU
		{5C5344E5-0293-400E-8BD4-3F02F5B5120B}.Debug|Any CPU.Build.0 = Debug|Any CPU
		{5C5344E5-0293-400E-8BD4-3F02F5B5120B}.Release|Any CPU.ActiveCfg = Release|Any CPU
		{5C5344E5-0293-400E-8BD4-3F02F5B5120B}.Release|Any CPU.Build.0 = Release|Any CPU
		{21DD56F5-C4B8-4F6B-81EB-C4CBD5F40878}.Debug|Any CPU.ActiveCfg = Debug|Any CPU
		{21DD56F5-C4B8-4F6B-81EB-C4CBD5F40878}.Debug|Any CPU.Build.0 = Debug|Any CPU
		{21DD56F5-C4B8-4F6B-81EB-C4CBD5F40878}.Release|Any CPU.ActiveCfg = Release|Any CPU
		{21DD56F5-C4B8-4F6B-81EB-C4CBD5F40878}.Release|Any CPU.Build.0 = Release|Any CPU
		{1221FE10-977E-4275-A110-72023AD4A517}.Debug|Any CPU.ActiveCfg = Debug|Any CPU
		{1221FE10-977E-4275-A110-72023AD4A517}.Debug|Any CPU.Build.0 = Debug|Any CPU
		{1221FE10-977E-4275-A110-72023AD4A517}.Release|Any CPU.ActiveCfg = Release|Any CPU
		{1221FE10-977E-4275-A110-72023AD4A517}.Release|Any CPU.Build.0 = Release|Any CPU
	EndGlobalSection
	GlobalSection(SolutionProperties) = preSolution
		HideSolutionNode = FALSE
	EndGlobalSection
EndGlobal
